
Microsoft Visual Studio Solution File, Format Version 12.00
# Visual Studio Version 17
VisualStudioVersion = 17.5.002.0
MinimumVisualStudioVersion = 10.0.40219.1
Project("{9A19103F-16F7-4668-BE54-9A1E7A4F7556}") = "fuckscrum.api", "fuckscrum.api\fuckscrum.api.csproj", "{B61A8D95-A26B-49F9-A3FE-13C9AF359BE6}"
EndProject
Global
	GlobalSection(SolutionConfigurationPlatforms) = preSolution
		Debug|Any CPU = Debug|Any CPU
		Release|Any CPU = Release|Any CPU
	EndGlobalSection
	GlobalSection(ProjectConfigurationPlatforms) = postSolution
		{B61A8D95-A26B-49F9-A3FE-13C9AF359BE6}.Debug|Any CPU.ActiveCfg = Debug|Any CPU
		{B61A8D95-A26B-49F9-A3FE-13C9AF359BE6}.Debug|Any CPU.Build.0 = Debug|Any CPU
		{B61A8D95-A26B-49F9-A3FE-13C9AF359BE6}.Release|Any CPU.ActiveCfg = Release|Any CPU
		{B61A8D95-A26B-49F9-A3FE-13C9AF359BE6}.Release|Any CPU.Build.0 = Release|Any CPU
	EndGlobalSection
	GlobalSection(SolutionProperties) = preSolution
		HideSolutionNode = FALSE
	EndGlobalSection
	GlobalSection(ExtensibilityGlobals) = postSolution
		SolutionGuid = {E578AF69-C6B0-4A5B-A55C-2E68F74DF207}
	EndGlobalSection
EndGlobal
